
Microsoft Visual Studio Solution File, Format Version 12.00
# Visual Studio Version 16
VisualStudioVersion = 16.0.29709.97
MinimumVisualStudioVersion = 10.0.40219.1
Project("{FAE04EC0-301F-11D3-BF4B-00C04F79EFBC}") = "App4", "App4\App4.csproj", "{716FD293-B6F4-4FA9-A858-B979990C6CBB}"
EndProject
Global
	GlobalSection(SolutionConfigurationPlatforms) = preSolution
		Debug|ARM = Debug|ARM
		Debug|ARM64 = Debug|ARM64
		Debug|x64 = Debug|x64
		Debug|x86 = Debug|x86
		Release|ARM = Release|ARM
		Release|ARM64 = Release|ARM64
		Release|x64 = Release|x64
		Release|x86 = Release|x86
	EndGlobalSection
	GlobalSection(ProjectConfigurationPlatforms) = postSolution
		{716FD293-B6F4-4FA9-A858-B979990C6CBB}.Debug|ARM.ActiveCfg = Debug|ARM
		{716FD293-B6F4-4FA9-A858-B979990C6CBB}.Debug|ARM.Build.0 = Debug|ARM
		{716FD293-B6F4-4FA9-A858-B979990C6CBB}.Debug|ARM.Deploy.0 = Debug|ARM
		{716FD293-B6F4-4FA9-A858-B979990C6CBB}.Debug|ARM64.ActiveCfg = Debug|ARM64
		{716FD293-B6F4-4FA9-A858-B979990C6CBB}.Debug|ARM64.Build.0 = Debug|ARM64
		{716FD293-B6F4-4FA9-A858-B979990C6CBB}.Debug|ARM64.Deploy.0 = Debug|ARM64
		{716FD293-B6F4-4FA9-A858-B979990C6CBB}.Debug|x64.ActiveCfg = Debug|x64
		{716FD293-B6F4-4FA9-A858-B979990C6CBB}.Debug|x64.Build.0 = Debug|x64
		{716FD293-B6F4-4FA9-A858-B979990C6CBB}.Debug|x64.Deploy.0 = Debug|x64
		{716FD293-B6F4-4FA9-A858-B979990C6CBB}.Debug|x86.ActiveCfg = Debug|x86
		{716FD293-B6F4-4FA9-A858-B979990C6CBB}.Debug|x86.Build.0 = Debug|x86
		{716FD293-B6F4-4FA9-A858-B979990C6CBB}.Debug|x86.Deploy.0 = Debug|x86
		{716FD293-B6F4-4FA9-A858-B979990C6CBB}.Release|ARM.ActiveCfg = Release|ARM
		{716FD293-B6F4-4FA9-A858-B979990C6CBB}.Release|ARM.Build.0 = Release|ARM
		{716FD293-B6F4-4FA9-A858-B979990C6CBB}.Release|ARM.Deploy.0 = Release|ARM
		{716FD293-B6F4-4FA9-A858-B979990C6CBB}.Release|ARM64.ActiveCfg = Release|ARM64
		{716FD293-B6F4-4FA9-A858-B979990C6CBB}.Release|ARM64.Build.0 = Release|ARM64
		{716FD293-B6F4-4FA9-A858-B979990C6CBB}.Release|ARM64.Deploy.0 = Release|ARM64
		{716FD293-B6F4-4FA9-A858-B979990C6CBB}.Release|x64.ActiveCfg = Release|x64
		{716FD293-B6F4-4FA9-A858-B979990C6CBB}.Release|x64.Build.0 = Release|x64
		{716FD293-B6F4-4FA9-A858-B979990C6CBB}.Release|x64.Deploy.0 = Release|x64
		{716FD293-B6F4-4FA9-A858-B979990C6CBB}.Release|x86.ActiveCfg = Release|x86
		{716FD293-B6F4-4FA9-A858-B979990C6CBB}.Release|x86.Build.0 = Release|x86
		{716FD293-B6F4-4FA9-A858-B979990C6CBB}.Release|x86.Deploy.0 = Release|x86
	EndGlobalSection
	GlobalSection(SolutionProperties) = preSolution
		HideSolutionNode = FALSE
	EndGlobalSection
	GlobalSection(ExtensibilityGlobals) = postSolution
		SolutionGuid = {6E3A1FEF-D64A-4F2B-A6EC-47F13A1C1A32}
	EndGlobalSection
EndGlobal
